<?xml version="1.0" encoding="utf-8"?>
<Project ToolsVersion="4.0" xmlns="http://schemas.microsoft.com/developer/msbuild/2003">
  <ItemGroup>
    <Filter Include="Source Files">
      <UniqueIdentifier>{4FC737F1-C7A5-4376-A066-2A32D752A2FF}</UniqueIdentifier>
      <Extensions>cpp;c;cc;cxx;def;odl;idl;hpj;bat;asm;asmx</Extensions>
    </Filter>
    <Filter Include="Header Files">
      <UniqueIdentifier>{93995380-89BD-4b04-88EB-625FBE52EBFB}</UniqueIdentifier>
      <Extensions>h;hpp;hxx;hm;inl;inc;xsd</Extensions>
    </Filter>
    <Filter Include="Resource Files">
      <UniqueIdentifier>{67DA6AB6-F800-4c08-8B7A-83BB121AAD01}</UniqueIdentifier>
      <Extensions>rc;ico;cur;bmp;dlg;rc2;rct;bin;rgs;gif;jpg;jpeg;jpe;resx;tiff;tif;png;wav;mfcribbon-ms</Extensions>
    </Filter>
    <Filter Include="Source Files\math">
      <UniqueIdentifier>{5c0da0c8-7c10-494a-9065-d826153ace84}</UniqueIdentifier>
    </Filter>
    <Filter Include="Source Files\game">
      <UniqueIdentifier>{15166a34-c425-4bbc-9d9a-defdc7df5164}</UniqueIdentifier>
    </Filter>
    <Filter Include="Libraries">
      <UniqueIdentifier>{60c47f11-70a0-45f9-ad80-353e56950cee}</UniqueIdentifier>
    </Filter>
    <Filter Include="Source Files\renderer">
      <UniqueIdentifier>{18c6ba61-2de8-4bc8-8db8-1b0d08af7f04}</UniqueIdentifier>
    </Filter>
    <Filter Include="Source Files\data">
      <UniqueIdentifier>{09319378-2765-4083-89fa-c9479994b87b}</UniqueIdentifier>
    </Filter>
    <Filter Include="Source Files\common">
      <UniqueIdentifier>{82401f27-cafa-4e62-9911-1483e2fbd0d7}</UniqueIdentifier>
    </Filter>
  </ItemGroup>
  <ItemGroup>
    <ClCompile Include="game\main.cpp">
      <Filter>Source Files\game</Filter>
    </ClCompile>
    <ClCompile Include="math\vector.cpp">
      <Filter>Source Files\math</Filter>
    </ClCompile>
    <ClCompile Include="renderer\shaders.cpp">
      <Filter>Source Files\renderer</Filter>
    </ClCompile>
    <ClCompile Include="renderer\renderer.cpp">
      <Filter>Source Files\renderer</Filter>
    </ClCompile>
    <ClCompile Include="renderer\renderingcontext.cpp">
      <Filter>Source Files\renderer</Filter>
    </ClCompile>
    <ClCompile Include="renderer\image_read.cpp">
      <Filter>Source Files\renderer</Filter>
    </ClCompile>
    <ClCompile Include="renderer\gl3w.c">
      <Filter>Source Files\renderer</Filter>
    </ClCompile>
    <ClCompile Include="math\matrix.cpp">
      <Filter>Source Files\math</Filter>
    </ClCompile>
    <ClCompile Include="renderer\application.cpp">
      <Filter>Source Files\renderer</Filter>
    </ClCompile>
    <ClCompile Include="datamanager\data.cpp">
      <Filter>Source Files\data</Filter>
    </ClCompile>
    <ClCompile Include="datamanager\dataserializer.cpp">
      <Filter>Source Files\data</Filter>
    </ClCompile>
    <ClCompile Include="common\platform_win32.cpp">
      <Filter>Source Files\common</Filter>
    </ClCompile>
    <ClCompile Include="math\color.cpp">
      <Filter>Source Files\math</Filter>
    </ClCompile>
    <ClCompile Include="math\euler.cpp">
      <Filter>Source Files\math</Filter>
    </ClCompile>
    <ClCompile Include="math\collision.cpp">
      <Filter>Source Files\math</Filter>
    </ClCompile>
    <ClCompile Include="game\game.cpp">
      <Filter>Source Files\game</Filter>
    </ClCompile>
    <ClCompile Include="game\character.cpp">
      <Filter>Source Files\game</Filter>
    </ClCompile>
    <ClCompile Include="game\handle.cpp">
      <Filter>Source Files\game</Filter>
    </ClCompile>
    <ClCompile Include="math\frustum.cpp">
      <Filter>Source Files\math</Filter>
    </ClCompile>
  </ItemGroup>
  <ItemGroup>
    <Library Include="lib\libglfw.lib">
      <Filter>Libraries</Filter>
    </Library>
  </ItemGroup>
  <ItemGroup>
    <ClInclude Include="game\game.h">
      <Filter>Source Files\game</Filter>
    </ClInclude>
    <ClInclude Include="game\character.h">
      <Filter>Source Files\game</Filter>
    </ClInclude>
    <ClInclude Include="game\handle.h">
      <Filter>Source Files\game</Filter>
    </ClInclude>
  </ItemGroup>
</Project>