
Microsoft Visual Studio Solution File, Format Version 12.00
# Visual Studio Express 2012 for Windows Desktop
Project("{8BC9CEB8-8B4A-11D0-8D11-00A0C91BC942}") = "GLFW", "GLFW.vcxproj", "{1CBD16B5-3A74-443C-ACE7-38313B6BF84F}"
EndProject
Project("{8BC9CEB8-8B4A-11D0-8D11-00A0C91BC942}") = "GLFWDLL", "GLFWDLL.vcxproj", "{361430F9-D9C7-4392-B0BA-67BF21D34E17}"
EndProject
Project("{8BC9CEB8-8B4A-11D0-8D11-00A0C91BC942}") = "splitview", "splitview.vcxproj", "{FDC9867C-FDE8-47F0-AB8E-1A49C09150B4}"
	ProjectSection(ProjectDependencies) = postProject
		{1CBD16B5-3A74-443C-ACE7-38313B6BF84F} = {1CBD16B5-3A74-443C-ACE7-38313B6BF84F}
	EndProjectSection
EndProject
Project("{8BC9CEB8-8B4A-11D0-8D11-00A0C91BC942}") = "wave", "wave.vcxproj", "{396B22DF-47D2-4A88-ACD9-5BB8CE645975}"
EndProject
Project("{8BC9CEB8-8B4A-11D0-8D11-00A0C91BC942}") = "boing", "boing.vcxproj", "{1D4B51A2-B0B3-4433-BA41-71B08850FE42}"
EndProject
Project("{8BC9CEB8-8B4A-11D0-8D11-00A0C91BC942}") = "gears", "gears.vcxproj", "{CE4674B2-8E0D-4BD9-9B69-B9E7EC9EBF82}"
EndProject
Project("{8BC9CEB8-8B4A-11D0-8D11-00A0C91BC942}") = "heightmap", "heightmap.vcxproj", "{82919C32-E843-475B-A1B4-70FF1A4FB0FC}"
EndProject
Project("{8BC9CEB8-8B4A-11D0-8D11-00A0C91BC942}") = "listmodes", "listmodes.vcxproj", "{025F8D70-F6E1-4447-8BA1-D571FFC94A10}"
EndProject
Project("{8BC9CEB8-8B4A-11D0-8D11-00A0C91BC942}") = "mipmaps", "mipmaps.vcxproj", "{D51543DD-6CFF-44BC-9679-5B33D07736A7}"
EndProject
Project("{8BC9CEB8-8B4A-11D0-8D11-00A0C91BC942}") = "mtbench", "mtbench.vcxproj", "{CD479A3D-37C9-476D-A656-427C3672443F}"
EndProject
Project("{8BC9CEB8-8B4A-11D0-8D11-00A0C91BC942}") = "mthello", "mthello.vcxproj", "{68D0DC44-2D45-404F-8F9C-ACA250FE7B97}"
EndProject
Project("{8BC9CEB8-8B4A-11D0-8D11-00A0C91BC942}") = "particles", "particles.vcxproj", "{04F258BD-9784-42DB-8FEB-9F5596A39FA4}"
EndProject
Project("{8BC9CEB8-8B4A-11D0-8D11-00A0C91BC942}") = "pong3d", "pong3d.vcxproj", "{EDFF4BF3-6D04-4C45-A8AD-9BAA3DB25CC9}"
EndProject
Project("{8BC9CEB8-8B4A-11D0-8D11-00A0C91BC942}") = "triangle", "triangle.vcxproj", "{A8625C74-C5B4-4FA9-A072-3628DCD4BFE7}"
EndProject
Project("{8BC9CEB8-8B4A-11D0-8D11-00A0C91BC942}") = "accuracy", "accuracy.vcxproj", "{11E79629-310C-4A27-90E9-82D504411155}"
EndProject
Project("{8BC9CEB8-8B4A-11D0-8D11-00A0C91BC942}") = "defaults", "defaults.vcxproj", "{BB1DC5EB-9F35-4C87-858F-EA591E2602C2}"
EndProject
Project("{8BC9CEB8-8B4A-11D0-8D11-00A0C91BC942}") = "events", "events.vcxproj", "{92701E5E-E3F3-4B54-9913-B92E5866698C}"
EndProject
Project("{8BC9CEB8-8B4A-11D0-8D11-00A0C91BC942}") = "fsaa", "fsaa.vcxproj", "{243E932E-1C31-41C7-945B-3F07D4AFED50}"
EndProject
Project("{8BC9CEB8-8B4A-11D0-8D11-00A0C91BC942}") = "iconify", "iconify.vcxproj", "{F9B06240-1431-4C2C-B0E0-2CA546BC7430}"
EndProject
Project("{8BC9CEB8-8B4A-11D0-8D11-00A0C91BC942}") = "joysticks", "joysticks.vcxproj", "{9D71FC6D-FB61-4E7C-A45D-8E12FCB8CBE5}"
EndProject
Project("{8BC9CEB8-8B4A-11D0-8D11-00A0C91BC942}") = "peter", "peter.vcxproj", "{EF6CA4B9-39DE-4BBC-977A-55961829BDCE}"
EndProject
Project("{8BC9CEB8-8B4A-11D0-8D11-00A0C91BC942}") = "reopen", "reopen.vcxproj", "{9B02CB8F-4568-4064-9758-A4909274AA99}"
EndProject
Project("{8BC9CEB8-8B4A-11D0-8D11-00A0C91BC942}") = "version", "version.vcxproj", "{D7FA8B2A-651D-4EA6-B61D-2967BB0F00B6}"
EndProject
Project("{8BC9CEB8-8B4A-11D0-8D11-00A0C91BC942}") = "dynamic", "dynamic.vcxproj", "{B7DC35B4-6344-45F2-BCBF-796F3DBE2541}"
EndProject
Project("{8BC9CEB8-8B4A-11D0-8D11-00A0C91BC942}") = "tearing", "tearing.vcxproj", "{92B67493-E693-4C41-B92F-28A278B18077}"
EndProject
Project("{8BC9CEB8-8B4A-11D0-8D11-00A0C91BC942}") = "fsinput", "fsinput.vcxproj", "{9B74E51D-DE95-4F88-8074-2A804A066234}"
EndProject
Global
	GlobalSection(SolutionConfigurationPlatforms) = preSolution
		Debug|Win32 = Debug|Win32
		Debug|x64 = Debug|x64
		Release|Win32 = Release|Win32
		Release|x64 = Release|x64
	EndGlobalSection
	GlobalSection(ProjectConfigurationPlatforms) = postSolution
		{1CBD16B5-3A74-443C-ACE7-38313B6BF84F}.Debug|Win32.ActiveCfg = Debug|Win32
		{1CBD16B5-3A74-443C-ACE7-38313B6BF84F}.Debug|Win32.Build.0 = Debug|Win32
		{1CBD16B5-3A74-443C-ACE7-38313B6BF84F}.Debug|x64.ActiveCfg = Debug|x64
		{1CBD16B5-3A74-443C-ACE7-38313B6BF84F}.Debug|x64.Build.0 = Debug|x64
		{1CBD16B5-3A74-443C-ACE7-38313B6BF84F}.Release|Win32.ActiveCfg = Release|Win32
		{1CBD16B5-3A74-443C-ACE7-38313B6BF84F}.Release|Win32.Build.0 = Release|Win32
		{1CBD16B5-3A74-443C-ACE7-38313B6BF84F}.Release|x64.ActiveCfg = Release|x64
		{1CBD16B5-3A74-443C-ACE7-38313B6BF84F}.Release|x64.Build.0 = Release|x64
		{361430F9-D9C7-4392-B0BA-67BF21D34E17}.Debug|Win32.ActiveCfg = Debug|Win32
		{361430F9-D9C7-4392-B0BA-67BF21D34E17}.Debug|Win32.Build.0 = Debug|Win32
		{361430F9-D9C7-4392-B0BA-67BF21D34E17}.Debug|x64.ActiveCfg = Debug|x64
		{361430F9-D9C7-4392-B0BA-67BF21D34E17}.Debug|x64.Build.0 = Debug|x64
		{361430F9-D9C7-4392-B0BA-67BF21D34E17}.Release|Win32.ActiveCfg = Release|Win32
		{361430F9-D9C7-4392-B0BA-67BF21D34E17}.Release|Win32.Build.0 = Release|Win32
		{361430F9-D9C7-4392-B0BA-67BF21D34E17}.Release|x64.ActiveCfg = Release|x64
		{361430F9-D9C7-4392-B0BA-67BF21D34E17}.Release|x64.Build.0 = Release|x64
		{FDC9867C-FDE8-47F0-AB8E-1A49C09150B4}.Debug|Win32.ActiveCfg = Debug|Win32
		{FDC9867C-FDE8-47F0-AB8E-1A49C09150B4}.Debug|Win32.Build.0 = Debug|Win32
		{FDC9867C-FDE8-47F0-AB8E-1A49C09150B4}.Debug|x64.ActiveCfg = Debug|x64
		{FDC9867C-FDE8-47F0-AB8E-1A49C09150B4}.Debug|x64.Build.0 = Debug|x64
		{FDC9867C-FDE8-47F0-AB8E-1A49C09150B4}.Release|Win32.ActiveCfg = Release|Win32
		{FDC9867C-FDE8-47F0-AB8E-1A49C09150B4}.Release|Win32.Build.0 = Release|Win32
		{FDC9867C-FDE8-47F0-AB8E-1A49C09150B4}.Release|x64.ActiveCfg = Release|x64
		{FDC9867C-FDE8-47F0-AB8E-1A49C09150B4}.Release|x64.Build.0 = Release|x64
		{396B22DF-47D2-4A88-ACD9-5BB8CE645975}.Debug|Win32.ActiveCfg = Debug|Win32
		{396B22DF-47D2-4A88-ACD9-5BB8CE645975}.Debug|Win32.Build.0 = Debug|Win32
		{396B22DF-47D2-4A88-ACD9-5BB8CE645975}.Debug|x64.ActiveCfg = Debug|x64
		{396B22DF-47D2-4A88-ACD9-5BB8CE645975}.Debug|x64.Build.0 = Debug|x64
		{396B22DF-47D2-4A88-ACD9-5BB8CE645975}.Release|Win32.ActiveCfg = Release|Win32
		{396B22DF-47D2-4A88-ACD9-5BB8CE645975}.Release|Win32.Build.0 = Release|Win32
		{396B22DF-47D2-4A88-ACD9-5BB8CE645975}.Release|x64.ActiveCfg = Release|x64
		{396B22DF-47D2-4A88-ACD9-5BB8CE645975}.Release|x64.Build.0 = Release|x64
		{1D4B51A2-B0B3-4433-BA41-71B08850FE42}.Debug|Win32.ActiveCfg = Debug|Win32
		{1D4B51A2-B0B3-4433-BA41-71B08850FE42}.Debug|Win32.Build.0 = Debug|Win32
		{1D4B51A2-B0B3-4433-BA41-71B08850FE42}.Debug|x64.ActiveCfg = Debug|x64
		{1D4B51A2-B0B3-4433-BA41-71B08850FE42}.Debug|x64.Build.0 = Debug|x64
		{1D4B51A2-B0B3-4433-BA41-71B08850FE42}.Release|Win32.ActiveCfg = Release|Win32
		{1D4B51A2-B0B3-4433-BA41-71B08850FE42}.Release|Win32.Build.0 = Release|Win32
		{1D4B51A2-B0B3-4433-BA41-71B08850FE42}.Release|x64.ActiveCfg = Release|x64
		{1D4B51A2-B0B3-4433-BA41-71B08850FE42}.Release|x64.Build.0 = Release|x64
		{CE4674B2-8E0D-4BD9-9B69-B9E7EC9EBF82}.Debug|Win32.ActiveCfg = Debug|Win32
		{CE4674B2-8E0D-4BD9-9B69-B9E7EC9EBF82}.Debug|Win32.Build.0 = Debug|Win32
		{CE4674B2-8E0D-4BD9-9B69-B9E7EC9EBF82}.Debug|x64.ActiveCfg = Debug|x64
		{CE4674B2-8E0D-4BD9-9B69-B9E7EC9EBF82}.Debug|x64.Build.0 = Debug|x64
		{CE4674B2-8E0D-4BD9-9B69-B9E7EC9EBF82}.Release|Win32.ActiveCfg = Release|Win32
		{CE4674B2-8E0D-4BD9-9B69-B9E7EC9EBF82}.Release|Win32.Build.0 = Release|Win32
		{CE4674B2-8E0D-4BD9-9B69-B9E7EC9EBF82}.Release|x64.ActiveCfg = Release|x64
		{CE4674B2-8E0D-4BD9-9B69-B9E7EC9EBF82}.Release|x64.Build.0 = Release|x64
		{82919C32-E843-475B-A1B4-70FF1A4FB0FC}.Debug|Win32.ActiveCfg = Debug|Win32
		{82919C32-E843-475B-A1B4-70FF1A4FB0FC}.Debug|Win32.Build.0 = Debug|Win32
		{82919C32-E843-475B-A1B4-70FF1A4FB0FC}.Debug|x64.ActiveCfg = Debug|x64
		{82919C32-E843-475B-A1B4-70FF1A4FB0FC}.Debug|x64.Build.0 = Debug|x64
		{82919C32-E843-475B-A1B4-70FF1A4FB0FC}.Release|Win32.ActiveCfg = Release|Win32
		{82919C32-E843-475B-A1B4-70FF1A4FB0FC}.Release|Win32.Build.0 = Release|Win32
		{82919C32-E843-475B-A1B4-70FF1A4FB0FC}.Release|x64.ActiveCfg = Release|x64
		{82919C32-E843-475B-A1B4-70FF1A4FB0FC}.Release|x64.Build.0 = Release|x64
		{025F8D70-F6E1-4447-8BA1-D571FFC94A10}.Debug|Win32.ActiveCfg = Debug|Win32
		{025F8D70-F6E1-4447-8BA1-D571FFC94A10}.Debug|Win32.Build.0 = Debug|Win32
		{025F8D70-F6E1-4447-8BA1-D571FFC94A10}.Debug|x64.ActiveCfg = Debug|x64
		{025F8D70-F6E1-4447-8BA1-D571FFC94A10}.Debug|x64.Build.0 = Debug|x64
		{025F8D70-F6E1-4447-8BA1-D571FFC94A10}.Release|Win32.ActiveCfg = Release|Win32
		{025F8D70-F6E1-4447-8BA1-D571FFC94A10}.Release|Win32.Build.0 = Release|Win32
		{025F8D70-F6E1-4447-8BA1-D571FFC94A10}.Release|x64.ActiveCfg = Release|x64
		{025F8D70-F6E1-4447-8BA1-D571FFC94A10}.Release|x64.Build.0 = Release|x64
		{D51543DD-6CFF-44BC-9679-5B33D07736A7}.Debug|Win32.ActiveCfg = Debug|Win32
		{D51543DD-6CFF-44BC-9679-5B33D07736A7}.Debug|Win32.Build.0 = Debug|Win32
		{D51543DD-6CFF-44BC-9679-5B33D07736A7}.Debug|x64.ActiveCfg = Debug|x64
		{D51543DD-6CFF-44BC-9679-5B33D07736A7}.Debug|x64.Build.0 = Debug|x64
		{D51543DD-6CFF-44BC-9679-5B33D07736A7}.Release|Win32.ActiveCfg = Release|Win32
		{D51543DD-6CFF-44BC-9679-5B33D07736A7}.Release|Win32.Build.0 = Release|Win32
		{D51543DD-6CFF-44BC-9679-5B33D07736A7}.Release|x64.ActiveCfg = Release|x64
		{D51543DD-6CFF-44BC-9679-5B33D07736A7}.Release|x64.Build.0 = Release|x64
		{CD479A3D-37C9-476D-A656-427C3672443F}.Debug|Win32.ActiveCfg = Debug|Win32
		{CD479A3D-37C9-476D-A656-427C3672443F}.Debug|Win32.Build.0 = Debug|Win32
		{CD479A3D-37C9-476D-A656-427C3672443F}.Debug|x64.ActiveCfg = Debug|x64
		{CD479A3D-37C9-476D-A656-427C3672443F}.Debug|x64.Build.0 = Debug|x64
		{CD479A3D-37C9-476D-A656-427C3672443F}.Release|Win32.ActiveCfg = Release|Win32
		{CD479A3D-37C9-476D-A656-427C3672443F}.Release|Win32.Build.0 = Release|Win32
		{CD479A3D-37C9-476D-A656-427C3672443F}.Release|x64.ActiveCfg = Release|x64
		{CD479A3D-37C9-476D-A656-427C3672443F}.Release|x64.Build.0 = Release|x64
		{68D0DC44-2D45-404F-8F9C-ACA250FE7B97}.Debug|Win32.ActiveCfg = Debug|Win32
		{68D0DC44-2D45-404F-8F9C-ACA250FE7B97}.Debug|Win32.Build.0 = Debug|Win32
		{68D0DC44-2D45-404F-8F9C-ACA250FE7B97}.Debug|x64.ActiveCfg = Debug|x64
		{68D0DC44-2D45-404F-8F9C-ACA250FE7B97}.Debug|x64.Build.0 = Debug|x64
		{68D0DC44-2D45-404F-8F9C-ACA250FE7B97}.Release|Win32.ActiveCfg = Release|Win32
		{68D0DC44-2D45-404F-8F9C-ACA250FE7B97}.Release|Win32.Build.0 = Release|Win32
		{68D0DC44-2D45-404F-8F9C-ACA250FE7B97}.Release|x64.ActiveCfg = Release|x64
		{68D0DC44-2D45-404F-8F9C-ACA250FE7B97}.Release|x64.Build.0 = Release|x64
		{04F258BD-9784-42DB-8FEB-9F5596A39FA4}.Debug|Win32.ActiveCfg = Debug|Win32
		{04F258BD-9784-42DB-8FEB-9F5596A39FA4}.Debug|Win32.Build.0 = Debug|Win32
		{04F258BD-9784-42DB-8FEB-9F5596A39FA4}.Debug|x64.ActiveCfg = Debug|x64
		{04F258BD-9784-42DB-8FEB-9F5596A39FA4}.Debug|x64.Build.0 = Debug|x64
		{04F258BD-9784-42DB-8FEB-9F5596A39FA4}.Release|Win32.ActiveCfg = Release|Win32
		{04F258BD-9784-42DB-8FEB-9F5596A39FA4}.Release|Win32.Build.0 = Release|Win32
		{04F258BD-9784-42DB-8FEB-9F5596A39FA4}.Release|x64.ActiveCfg = Release|x64
		{04F258BD-9784-42DB-8FEB-9F5596A39FA4}.Release|x64.Build.0 = Release|x64
		{EDFF4BF3-6D04-4C45-A8AD-9BAA3DB25CC9}.Debug|Win32.ActiveCfg = Debug|Win32
		{EDFF4BF3-6D04-4C45-A8AD-9BAA3DB25CC9}.Debug|Win32.Build.0 = Debug|Win32
		{EDFF4BF3-6D04-4C45-A8AD-9BAA3DB25CC9}.Debug|x64.ActiveCfg = Debug|x64
		{EDFF4BF3-6D04-4C45-A8AD-9BAA3DB25CC9}.Debug|x64.Build.0 = Debug|x64
		{EDFF4BF3-6D04-4C45-A8AD-9BAA3DB25CC9}.Release|Win32.ActiveCfg = Release|Win32
		{EDFF4BF3-6D04-4C45-A8AD-9BAA3DB25CC9}.Release|Win32.Build.0 = Release|Win32
		{EDFF4BF3-6D04-4C45-A8AD-9BAA3DB25CC9}.Release|x64.ActiveCfg = Release|x64
		{EDFF4BF3-6D04-4C45-A8AD-9BAA3DB25CC9}.Release|x64.Build.0 = Release|x64
		{A8625C74-C5B4-4FA9-A072-3628DCD4BFE7}.Debug|Win32.ActiveCfg = Debug|Win32
		{A8625C74-C5B4-4FA9-A072-3628DCD4BFE7}.Debug|Win32.Build.0 = Debug|Win32
		{A8625C74-C5B4-4FA9-A072-3628DCD4BFE7}.Debug|x64.ActiveCfg = Debug|x64
		{A8625C74-C5B4-4FA9-A072-3628DCD4BFE7}.Debug|x64.Build.0 = Debug|x64
		{A8625C74-C5B4-4FA9-A072-3628DCD4BFE7}.Release|Win32.ActiveCfg = Release|Win32
		{A8625C74-C5B4-4FA9-A072-3628DCD4BFE7}.Release|Win32.Build.0 = Release|Win32
		{A8625C74-C5B4-4FA9-A072-3628DCD4BFE7}.Release|x64.ActiveCfg = Release|x64
		{A8625C74-C5B4-4FA9-A072-3628DCD4BFE7}.Release|x64.Build.0 = Release|x64
		{11E79629-310C-4A27-90E9-82D504411155}.Debug|Win32.ActiveCfg = Debug|Win32
		{11E79629-310C-4A27-90E9-82D504411155}.Debug|Win32.Build.0 = Debug|Win32
		{11E79629-310C-4A27-90E9-82D504411155}.Debug|x64.ActiveCfg = Debug|x64
		{11E79629-310C-4A27-90E9-82D504411155}.Debug|x64.Build.0 = Debug|x64
		{11E79629-310C-4A27-90E9-82D504411155}.Release|Win32.ActiveCfg = Release|Win32
		{11E79629-310C-4A27-90E9-82D504411155}.Release|Win32.Build.0 = Release|Win32
		{11E79629-310C-4A27-90E9-82D504411155}.Release|x64.ActiveCfg = Release|x64
		{11E79629-310C-4A27-90E9-82D504411155}.Release|x64.Build.0 = Release|x64
		{BB1DC5EB-9F35-4C87-858F-EA591E2602C2}.Debug|Win32.ActiveCfg = Debug|Win32
		{BB1DC5EB-9F35-4C87-858F-EA591E2602C2}.Debug|Win32.Build.0 = Debug|Win32
		{BB1DC5EB-9F35-4C87-858F-EA591E2602C2}.Debug|x64.ActiveCfg = Debug|x64
		{BB1DC5EB-9F35-4C87-858F-EA591E2602C2}.Debug|x64.Build.0 = Debug|x64
		{BB1DC5EB-9F35-4C87-858F-EA591E2602C2}.Release|Win32.ActiveCfg = Release|Win32
		{BB1DC5EB-9F35-4C87-858F-EA591E2602C2}.Release|Win32.Build.0 = Release|Win32
		{BB1DC5EB-9F35-4C87-858F-EA591E2602C2}.Release|x64.ActiveCfg = Release|x64
		{BB1DC5EB-9F35-4C87-858F-EA591E2602C2}.Release|x64.Build.0 = Release|x64
		{92701E5E-E3F3-4B54-9913-B92E5866698C}.Debug|Win32.ActiveCfg = Debug|Win32
		{92701E5E-E3F3-4B54-9913-B92E5866698C}.Debug|Win32.Build.0 = Debug|Win32
		{92701E5E-E3F3-4B54-9913-B92E5866698C}.Debug|x64.ActiveCfg = Debug|x64
		{92701E5E-E3F3-4B54-9913-B92E5866698C}.Debug|x64.Build.0 = Debug|x64
		{92701E5E-E3F3-4B54-9913-B92E5866698C}.Release|Win32.ActiveCfg = Release|Win32
		{92701E5E-E3F3-4B54-9913-B92E5866698C}.Release|Win32.Build.0 = Release|Win32
		{92701E5E-E3F3-4B54-9913-B92E5866698C}.Release|x64.ActiveCfg = Release|x64
		{92701E5E-E3F3-4B54-9913-B92E5866698C}.Release|x64.Build.0 = Release|x64
		{243E932E-1C31-41C7-945B-3F07D4AFED50}.Debug|Win32.ActiveCfg = Debug|Win32
		{243E932E-1C31-41C7-945B-3F07D4AFED50}.Debug|Win32.Build.0 = Debug|Win32
		{243E932E-1C31-41C7-945B-3F07D4AFED50}.Debug|x64.ActiveCfg = Debug|x64
		{243E932E-1C31-41C7-945B-3F07D4AFED50}.Debug|x64.Build.0 = Debug|x64
		{243E932E-1C31-41C7-945B-3F07D4AFED50}.Release|Win32.ActiveCfg = Release|Win32
		{243E932E-1C31-41C7-945B-3F07D4AFED50}.Release|Win32.Build.0 = Release|Win32
		{243E932E-1C31-41C7-945B-3F07D4AFED50}.Release|x64.ActiveCfg = Release|x64
		{243E932E-1C31-41C7-945B-3F07D4AFED50}.Release|x64.Build.0 = Release|x64
		{F9B06240-1431-4C2C-B0E0-2CA546BC7430}.Debug|Win32.ActiveCfg = Debug|Win32
		{F9B06240-1431-4C2C-B0E0-2CA546BC7430}.Debug|Win32.Build.0 = Debug|Win32
		{F9B06240-1431-4C2C-B0E0-2CA546BC7430}.Debug|x64.ActiveCfg = Debug|x64
		{F9B06240-1431-4C2C-B0E0-2CA546BC7430}.Debug|x64.Build.0 = Debug|x64
		{F9B06240-1431-4C2C-B0E0-2CA546BC7430}.Release|Win32.ActiveCfg = Release|Win32
		{F9B06240-1431-4C2C-B0E0-2CA546BC7430}.Release|Win32.Build.0 = Release|Win32
		{F9B06240-1431-4C2C-B0E0-2CA546BC7430}.Release|x64.ActiveCfg = Release|x64
		{F9B06240-1431-4C2C-B0E0-2CA546BC7430}.Release|x64.Build.0 = Release|x64
		{9D71FC6D-FB61-4E7C-A45D-8E12FCB8CBE5}.Debug|Win32.ActiveCfg = Debug|Win32
		{9D71FC6D-FB61-4E7C-A45D-8E12FCB8CBE5}.Debug|Win32.Build.0 = Debug|Win32
		{9D71FC6D-FB61-4E7C-A45D-8E12FCB8CBE5}.Debug|x64.ActiveCfg = Debug|x64
		{9D71FC6D-FB61-4E7C-A45D-8E12FCB8CBE5}.Debug|x64.Build.0 = Debug|x64
		{9D71FC6D-FB61-4E7C-A45D-8E12FCB8CBE5}.Release|Win32.ActiveCfg = Release|Win32
		{9D71FC6D-FB61-4E7C-A45D-8E12FCB8CBE5}.Release|Win32.Build.0 = Release|Win32
		{9D71FC6D-FB61-4E7C-A45D-8E12FCB8CBE5}.Release|x64.ActiveCfg = Release|x64
		{9D71FC6D-FB61-4E7C-A45D-8E12FCB8CBE5}.Release|x64.Build.0 = Release|x64
		{EF6CA4B9-39DE-4BBC-977A-55961829BDCE}.Debug|Win32.ActiveCfg = Debug|Win32
		{EF6CA4B9-39DE-4BBC-977A-55961829BDCE}.Debug|Win32.Build.0 = Debug|Win32
		{EF6CA4B9-39DE-4BBC-977A-55961829BDCE}.Debug|x64.ActiveCfg = Debug|x64
		{EF6CA4B9-39DE-4BBC-977A-55961829BDCE}.Debug|x64.Build.0 = Debug|x64
		{EF6CA4B9-39DE-4BBC-977A-55961829BDCE}.Release|Win32.ActiveCfg = Release|Win32
		{EF6CA4B9-39DE-4BBC-977A-55961829BDCE}.Release|Win32.Build.0 = Release|Win32
		{EF6CA4B9-39DE-4BBC-977A-55961829BDCE}.Release|x64.ActiveCfg = Release|x64
		{EF6CA4B9-39DE-4BBC-977A-55961829BDCE}.Release|x64.Build.0 = Release|x64
		{9B02CB8F-4568-4064-9758-A4909274AA99}.Debug|Win32.ActiveCfg = Debug|Win32
		{9B02CB8F-4568-4064-9758-A4909274AA99}.Debug|Win32.Build.0 = Debug|Win32
		{9B02CB8F-4568-4064-9758-A4909274AA99}.Debug|x64.ActiveCfg = Debug|x64
		{9B02CB8F-4568-4064-9758-A4909274AA99}.Debug|x64.Build.0 = Debug|x64
		{9B02CB8F-4568-4064-9758-A4909274AA99}.Release|Win32.ActiveCfg = Release|Win32
		{9B02CB8F-4568-4064-9758-A4909274AA99}.Release|Win32.Build.0 = Release|Win32
		{9B02CB8F-4568-4064-9758-A4909274AA99}.Release|x64.ActiveCfg = Release|x64
		{9B02CB8F-4568-4064-9758-A4909274AA99}.Release|x64.Build.0 = Release|x64
		{D7FA8B2A-651D-4EA6-B61D-2967BB0F00B6}.Debug|Win32.ActiveCfg = Debug|Win32
		{D7FA8B2A-651D-4EA6-B61D-2967BB0F00B6}.Debug|Win32.Build.0 = Debug|Win32
		{D7FA8B2A-651D-4EA6-B61D-2967BB0F00B6}.Debug|x64.ActiveCfg = Debug|x64
		{D7FA8B2A-651D-4EA6-B61D-2967BB0F00B6}.Debug|x64.Build.0 = Debug|x64
		{D7FA8B2A-651D-4EA6-B61D-2967BB0F00B6}.Release|Win32.ActiveCfg = Release|Win32
		{D7FA8B2A-651D-4EA6-B61D-2967BB0F00B6}.Release|Win32.Build.0 = Release|Win32
		{D7FA8B2A-651D-4EA6-B61D-2967BB0F00B6}.Release|x64.ActiveCfg = Release|x64
		{D7FA8B2A-651D-4EA6-B61D-2967BB0F00B6}.Release|x64.Build.0 = Release|x64
		{B7DC35B4-6344-45F2-BCBF-796F3DBE2541}.Debug|Win32.ActiveCfg = Debug|Win32
		{B7DC35B4-6344-45F2-BCBF-796F3DBE2541}.Debug|Win32.Build.0 = Debug|Win32
		{B7DC35B4-6344-45F2-BCBF-796F3DBE2541}.Debug|x64.ActiveCfg = Debug|x64
		{B7DC35B4-6344-45F2-BCBF-796F3DBE2541}.Debug|x64.Build.0 = Debug|x64
		{B7DC35B4-6344-45F2-BCBF-796F3DBE2541}.Release|Win32.ActiveCfg = Release|Win32
		{B7DC35B4-6344-45F2-BCBF-796F3DBE2541}.Release|Win32.Build.0 = Release|Win32
		{B7DC35B4-6344-45F2-BCBF-796F3DBE2541}.Release|x64.ActiveCfg = Release|x64
		{B7DC35B4-6344-45F2-BCBF-796F3DBE2541}.Release|x64.Build.0 = Release|x64
		{92B67493-E693-4C41-B92F-28A278B18077}.Debug|Win32.ActiveCfg = Debug|Win32
		{92B67493-E693-4C41-B92F-28A278B18077}.Debug|Win32.Build.0 = Debug|Win32
		{92B67493-E693-4C41-B92F-28A278B18077}.Debug|x64.ActiveCfg = Debug|x64
		{92B67493-E693-4C41-B92F-28A278B18077}.Debug|x64.Build.0 = Debug|x64
		{92B67493-E693-4C41-B92F-28A278B18077}.Release|Win32.ActiveCfg = Release|Win32
		{92B67493-E693-4C41-B92F-28A278B18077}.Release|Win32.Build.0 = Release|Win32
		{92B67493-E693-4C41-B92F-28A278B18077}.Release|x64.ActiveCfg = Release|x64
		{92B67493-E693-4C41-B92F-28A278B18077}.Release|x64.Build.0 = Release|x64
		{9B74E51D-DE95-4F88-8074-2A804A066234}.Debug|Win32.ActiveCfg = Debug|Win32
		{9B74E51D-DE95-4F88-8074-2A804A066234}.Debug|Win32.Build.0 = Debug|Win32
		{9B74E51D-DE95-4F88-8074-2A804A066234}.Debug|x64.ActiveCfg = Debug|x64
		{9B74E51D-DE95-4F88-8074-2A804A066234}.Debug|x64.Build.0 = Debug|x64
		{9B74E51D-DE95-4F88-8074-2A804A066234}.Release|Win32.ActiveCfg = Release|Win32
		{9B74E51D-DE95-4F88-8074-2A804A066234}.Release|Win32.Build.0 = Release|Win32
		{9B74E51D-DE95-4F88-8074-2A804A066234}.Release|x64.ActiveCfg = Release|x64
		{9B74E51D-DE95-4F88-8074-2A804A066234}.Release|x64.Build.0 = Release|x64
	EndGlobalSection
	GlobalSection(SolutionProperties) = preSolution
		HideSolutionNode = FALSE
	EndGlobalSection
EndGlobal
